
Microsoft Visual Studio Solution File, Format Version 12.00
# Visual Studio 15
VisualStudioVersion = 15.0.28307.572
MinimumVisualStudioVersion = 10.0.40219.1
Project("{FAE04EC0-301F-11D3-BF4B-00C04F79EFBC}") = "EFCodeFirstSamples", "EFCodeFirstSamples\EFCodeFirstSamples.csproj", "{CAC67544-C09F-422A-9426-158EF79F2938}"
EndProject
Project("{2150E333-8FDC-42A3-9474-1A3956D46DE8}") = "01_Tests", "01_Tests", "{4BADE0F5-485A-44D2-AB84-0169100182A8}"
EndProject
Project("{2150E333-8FDC-42A3-9474-1A3956D46DE8}") = "02_Demos", "02_Demos", "{2F41B56A-599A-4807-B4AB-CC3071D30083}"
EndProject
Project("{FAE04EC0-301F-11D3-BF4B-00C04F79EFBC}") = "EFTablePerTypeDemo", "02_Demos\EFTablePerTypeDemo\EFTablePerTypeDemo.csproj", "{0B191D1E-1857-48AC-85F3-5C09EE9A7E2F}"
EndProject
Project("{FAE04EC0-301F-11D3-BF4B-00C04F79EFBC}") = "EFManyToManyDemo", "02_Demos\EFManyToManyDemo\EFManyToManyDemo.csproj", "{ED323905-6EEF-4FB4-A74C-CFE27E359608}"
EndProject
Project("{FAE04EC0-301F-11D3-BF4B-00C04F79EFBC}") = "EntityframeworkTests", "01_Tests\EntityFrameworkTestDemo\EntityframeworkTests.csproj", "{21BB00ED-3A76-4274-84F4-4B3AD0A22274}"
EndProject
Project("{FAE04EC0-301F-11D3-BF4B-00C04F79EFBC}") = "NHibernate-AspNetMvc", "02_Demos\NHibernate-AspNetMvc\NHibernate-AspNetMvc.csproj", "{F595BC19-EAF2-4A08-B936-53B3495CF367}"
EndProject
Project("{FAE04EC0-301F-11D3-BF4B-00C04F79EFBC}") = "NHibernate-AspNetMvc.Dao", "02_Demos\NHibernate-AspNetMvc.Dao\NHibernate-AspNetMvc.Dao.csproj", "{E58D0B1F-F943-4C88-AFDC-64F0D1C9B341}"
EndProject
Project("{FAE04EC0-301F-11D3-BF4B-00C04F79EFBC}") = "NHibernate-AspNetMvc.Service", "02_Demos\NHibernate-AspNetMvc.Service\NHibernate-AspNetMvc.Service.csproj", "{CB628BEC-4E4A-4A6A-B541-0EC8609C1A5A}"
EndProject
Project("{FAE04EC0-301F-11D3-BF4B-00C04F79EFBC}") = "SpringNET.Test", "02_Demos\SpringNET.Test\SpringNET.Test.csproj", "{362A02D3-0142-48F0-B36F-60C59D5C3591}"
EndProject
Project("{2150E333-8FDC-42A3-9474-1A3956D46DE8}") = "03-EFCodeFirst", "03-EFCodeFirst", "{1309B310-60AD-4E4C-ABF9-8CDAB802E0A7}"
EndProject
Project("{FAE04EC0-301F-11D3-BF4B-00C04F79EFBC}") = "BlogContextSample", "01_Tests\BlogContextSample\BlogContextSample.csproj", "{A1D48D78-5D13-41A4-A1C9-DD14C55366C4}"
EndProject
Project("{FAE04EC0-301F-11D3-BF4B-00C04F79EFBC}") = "EFCodeFirst.Data", "EFCodeFirst.Data\EFCodeFirst.Data.csproj", "{3A8562CF-14B4-4DA4-90DA-18C9649B777F}"
EndProject
Project("{FAE04EC0-301F-11D3-BF4B-00C04F79EFBC}") = "EFCodeFirst.Repository", "EFCodeFirst.Repository\EFCodeFirst.Repository.csproj", "{5547585C-8E00-41C9-8D76-F5A402BB89CB}"
EndProject
Global
	GlobalSection(SolutionConfigurationPlatforms) = preSolution
		Debug|Any CPU = Debug|Any CPU
		Release|Any CPU = Release|Any CPU
	EndGlobalSection
	GlobalSection(ProjectConfigurationPlatforms) = postSolution
		{CAC67544-C09F-422A-9426-158EF79F2938}.Debug|Any CPU.ActiveCfg = Debug|Any CPU
		{CAC67544-C09F-422A-9426-158EF79F2938}.Debug|Any CPU.Build.0 = Debug|Any CPU
		{CAC67544-C09F-422A-9426-158EF79F2938}.Release|Any CPU.ActiveCfg = Release|Any CPU
		{CAC67544-C09F-422A-9426-158EF79F2938}.Release|Any CPU.Build.0 = Release|Any CPU
		{0B191D1E-1857-48AC-85F3-5C09EE9A7E2F}.Debug|Any CPU.ActiveCfg = Debug|Any CPU
		{0B191D1E-1857-48AC-85F3-5C09EE9A7E2F}.Debug|Any CPU.Build.0 = Debug|Any CPU
		{0B191D1E-1857-48AC-85F3-5C09EE9A7E2F}.Release|Any CPU.ActiveCfg = Release|Any CPU
		{0B191D1E-1857-48AC-85F3-5C09EE9A7E2F}.Release|Any CPU.Build.0 = Release|Any CPU
		{ED323905-6EEF-4FB4-A74C-CFE27E359608}.Debug|Any CPU.ActiveCfg = Debug|Any CPU
		{ED323905-6EEF-4FB4-A74C-CFE27E359608}.Debug|Any CPU.Build.0 = Debug|Any CPU
		{ED323905-6EEF-4FB4-A74C-CFE27E359608}.Release|Any CPU.ActiveCfg = Release|Any CPU
		{ED323905-6EEF-4FB4-A74C-CFE27E359608}.Release|Any CPU.Build.0 = Release|Any CPU
		{21BB00ED-3A76-4274-84F4-4B3AD0A22274}.Debug|Any CPU.ActiveCfg = Debug|Any CPU
		{21BB00ED-3A76-4274-84F4-4B3AD0A22274}.Debug|Any CPU.Build.0 = Debug|Any CPU
		{21BB00ED-3A76-4274-84F4-4B3AD0A22274}.Release|Any CPU.ActiveCfg = Release|Any CPU
		{21BB00ED-3A76-4274-84F4-4B3AD0A22274}.Release|Any CPU.Build.0 = Release|Any CPU
		{F595BC19-EAF2-4A08-B936-53B3495CF367}.Debug|Any CPU.ActiveCfg = Debug|Any CPU
		{F595BC19-EAF2-4A08-B936-53B3495CF367}.Debug|Any CPU.Build.0 = Debug|Any CPU
		{F595BC19-EAF2-4A08-B936-53B3495CF367}.Release|Any CPU.ActiveCfg = Release|Any CPU
		{F595BC19-EAF2-4A08-B936-53B3495CF367}.Release|Any CPU.Build.0 = Release|Any CPU
		{E58D0B1F-F943-4C88-AFDC-64F0D1C9B341}.Debug|Any CPU.ActiveCfg = Debug|Any CPU
		{E58D0B1F-F943-4C88-AFDC-64F0D1C9B341}.Debug|Any CPU.Build.0 = Debug|Any CPU
		{E58D0B1F-F943-4C88-AFDC-64F0D1C9B341}.Release|Any CPU.ActiveCfg = Release|Any CPU
		{E58D0B1F-F943-4C88-AFDC-64F0D1C9B341}.Release|Any CPU.Build.0 = Release|Any CPU
		{CB628BEC-4E4A-4A6A-B541-0EC8609C1A5A}.Debug|Any CPU.ActiveCfg = Debug|Any CPU
		{CB628BEC-4E4A-4A6A-B541-0EC8609C1A5A}.Debug|Any CPU.Build.0 = Debug|Any CPU
		{CB628BEC-4E4A-4A6A-B541-0EC8609C1A5A}.Release|Any CPU.ActiveCfg = Release|Any CPU
		{CB628BEC-4E4A-4A6A-B541-0EC8609C1A5A}.Release|Any CPU.Build.0 = Release|Any CPU
		{362A02D3-0142-48F0-B36F-60C59D5C3591}.Debug|Any CPU.ActiveCfg = Debug|Any CPU
		{362A02D3-0142-48F0-B36F-60C59D5C3591}.Debug|Any CPU.Build.0 = Debug|Any CPU
		{362A02D3-0142-48F0-B36F-60C59D5C3591}.Release|Any CPU.ActiveCfg = Release|Any CPU
		{362A02D3-0142-48F0-B36F-60C59D5C3591}.Release|Any CPU.Build.0 = Release|Any CPU
		{A1D48D78-5D13-41A4-A1C9-DD14C55366C4}.Debug|Any CPU.ActiveCfg = Debug|Any CPU
		{A1D48D78-5D13-41A4-A1C9-DD14C55366C4}.Debug|Any CPU.Build.0 = Debug|Any CPU
		{A1D48D78-5D13-41A4-A1C9-DD14C55366C4}.Release|Any CPU.ActiveCfg = Release|Any CPU
		{A1D48D78-5D13-41A4-A1C9-DD14C55366C4}.Release|Any CPU.Build.0 = Release|Any CPU
		{3A8562CF-14B4-4DA4-90DA-18C9649B777F}.Debug|Any CPU.ActiveCfg = Debug|Any CPU
		{3A8562CF-14B4-4DA4-90DA-18C9649B777F}.Debug|Any CPU.Build.0 = Debug|Any CPU
		{3A8562CF-14B4-4DA4-90DA-18C9649B777F}.Release|Any CPU.ActiveCfg = Release|Any CPU
		{3A8562CF-14B4-4DA4-90DA-18C9649B777F}.Release|Any CPU.Build.0 = Release|Any CPU
		{5547585C-8E00-41C9-8D76-F5A402BB89CB}.Debug|Any CPU.ActiveCfg = Debug|Any CPU
		{5547585C-8E00-41C9-8D76-F5A402BB89CB}.Debug|Any CPU.Build.0 = Debug|Any CPU
		{5547585C-8E00-41C9-8D76-F5A402BB89CB}.Release|Any CPU.ActiveCfg = Release|Any CPU
		{5547585C-8E00-41C9-8D76-F5A402BB89CB}.Release|Any CPU.Build.0 = Release|Any CPU
	EndGlobalSection
	GlobalSection(SolutionProperties) = preSolution
		HideSolutionNode = FALSE
	EndGlobalSection
	GlobalSection(NestedProjects) = preSolution
		{CAC67544-C09F-422A-9426-158EF79F2938} = {1309B310-60AD-4E4C-ABF9-8CDAB802E0A7}
		{0B191D1E-1857-48AC-85F3-5C09EE9A7E2F} = {2F41B56A-599A-4807-B4AB-CC3071D30083}
		{ED323905-6EEF-4FB4-A74C-CFE27E359608} = {2F41B56A-599A-4807-B4AB-CC3071D30083}
		{21BB00ED-3A76-4274-84F4-4B3AD0A22274} = {4BADE0F5-485A-44D2-AB84-0169100182A8}
		{F595BC19-EAF2-4A08-B936-53B3495CF367} = {2F41B56A-599A-4807-B4AB-CC3071D30083}
		{E58D0B1F-F943-4C88-AFDC-64F0D1C9B341} = {2F41B56A-599A-4807-B4AB-CC3071D30083}
		{CB628BEC-4E4A-4A6A-B541-0EC8609C1A5A} = {2F41B56A-599A-4807-B4AB-CC3071D30083}
		{362A02D3-0142-48F0-B36F-60C59D5C3591} = {2F41B56A-599A-4807-B4AB-CC3071D30083}
		{A1D48D78-5D13-41A4-A1C9-DD14C55366C4} = {4BADE0F5-485A-44D2-AB84-0169100182A8}
		{3A8562CF-14B4-4DA4-90DA-18C9649B777F} = {1309B310-60AD-4E4C-ABF9-8CDAB802E0A7}
		{5547585C-8E00-41C9-8D76-F5A402BB89CB} = {1309B310-60AD-4E4C-ABF9-8CDAB802E0A7}
	EndGlobalSection
	GlobalSection(ExtensibilityGlobals) = postSolution
		SolutionGuid = {ABDDB298-7317-4BDB-A7AF-80136353D21D}
	EndGlobalSection
EndGlobal
